github.com/anthdm/ggcache v0.0.0-20240320190028-101e8d8813e9 h1:Px+KHzmyeg8ecOdrBNTb02Sn8Ri10YYO3Cq9I2RtwSE=
github.com/anthdm/ggcache v0.0.0-20240320190028-101e8d8813e9/go.mod h1:0MjUPa6ECdb1R7hwSv0ltKfX4SwRAYlndVP3ffRuB8E=
github.com/joho/godotenv v1.5.1 h1:7eLL/+HRGLY0ldzfGMeQkb7vMd0as4CfYvUVzLqw0N0=
github.com/joho/godotenv v1.5.1/go.mod h1:f4LDr5Voq0i2e/R5DDNOoa2zzDfwtkZa6DnEwAbqwq4=
